{
  "name": "Dia-2-Frameworks",
  "lockfileVersion": 2,
  "requires": true,
  "packages": {
    "": {
      "dependencies": {
        "datepickerx": "^1.1.1"
      }
    },
    "node_modules/datepickerx": {
      "version": "1.1.1",
      "resolved": "https://registry.npmjs.org/datepickerx/-/datepickerx-1.1.1.tgz",
      "integrity": "sha512-06EyhD0mefAjXS4JbmTm4a6lmC7zDR3ftMk4IQXtWViW7o+LVNnr4khk4yfEx7K6Gls2hgiuY1wG0sBGn8Y3sg=="
    }
  },
  "dependencies": {
    "datepickerx": {
      "version": "1.1.1",
      "resolved": "https://registry.npmjs.org/datepickerx/-/datepickerx-1.1.1.tgz",
      "integrity": "sha512-06EyhD0mefAjXS4JbmTm4a6lmC7zDR3ftMk4IQXtWViW7o+LVNnr4khk4yfEx7K6Gls2hgiuY1wG0sBGn8Y3sg=="
    }
  }
}
